
Microsoft Visual Studio Solution File, Format Version 12.00
# Visual Studio Version 17
VisualStudioVersion = 17.7.34221.43
MinimumVisualStudioVersion = 10.0.40219.1
Project("{FAE04EC0-301F-11D3-BF4B-00C04F79EFBC}") = "PRY20232084", "PRY20232084\PRY20232084.csproj", "{EE46EB34-6CC4-46B3-B16D-4F50006099A5}"
EndProject
Global
	GlobalSection(SolutionConfigurationPlatforms) = preSolution
		Debug|Any CPU = Debug|Any CPU
		Release|Any CPU = Release|Any CPU
	EndGlobalSection
	GlobalSection(ProjectConfigurationPlatforms) = postSolution
		{EE46EB34-6CC4-46B3-B16D-4F50006099A5}.Debug|Any CPU.ActiveCfg = Debug|Any CPU
		{EE46EB34-6CC4-46B3-B16D-4F50006099A5}.Debug|Any CPU.Build.0 = Debug|Any CPU
		{EE46EB34-6CC4-46B3-B16D-4F50006099A5}.Release|Any CPU.ActiveCfg = Release|Any CPU
		{EE46EB34-6CC4-46B3-B16D-4F50006099A5}.Release|Any CPU.Build.0 = Release|Any CPU
	EndGlobalSection
	GlobalSection(SolutionProperties) = preSolution
		HideSolutionNode = FALSE
	EndGlobalSection
	GlobalSection(ExtensibilityGlobals) = postSolution
		SolutionGuid = {B4C3DC9E-4265-4308-9A59-8541326A34FD}
	EndGlobalSection
EndGlobal
